{
  "requires": true,
  "lockfileVersion": 1,
  "dependencies": {
    "classnames": {
      "version": "2.3.2",
      "resolved": "https://registry.npmjs.org/classnames/-/classnames-2.3.2.tgz",
      "integrity": "sha512-CSbhY4cFEJRe6/GQzIk5qXZ4Jeg5pcsP7b5peFSDpffpe1cqjASH/n9UTjBwOp6XpMSTwQ8Za2K5V02ueA7Tmw=="
    },
    "react-dropdown": {
      "version": "1.11.0",
      "resolved": "https://registry.npmjs.org/react-dropdown/-/react-dropdown-1.11.0.tgz",
      "integrity": "sha512-E2UWetRPxNdIhQahXw6b984ME7WmcgDj9AEAjrtS/oyLCFVo+2qkCfcS06C22JR0Zj+YLnygwv0Ozf6VKKDq7g==",
      "requires": {
        "classnames": "^2.2.3"
      }
    }
  }
}
